// !$*UTF8*$!
{
	archiveVersion = 1;
	classes = {
	};
	objectVersion = 50;
	objects = {

/* Begin PBXBuildFile section */
		425490BC2166C17B0061C322 /* InteractionPanToClose.swift in Sources */ = {isa = PBXBuildFile; fileRef = 425490BB2166C17B0061C322 /* InteractionPanToClose.swift */; };
		4287DAB7215C1862009697FC /* AppDelegate.swift in Sources */ = {isa = PBXBuildFile; fileRef = 4287DAB6215C1862009697FC /* AppDelegate.swift */; };
		4287DABC215C1862009697FC /* Main.storyboard in Resources */ = {isa = PBXBuildFile; fileRef = 4287DABA215C1862009697FC /* Main.storyboard */; };
		4287DABE215C1865009697FC /* Assets.xcassets in Resources */ = {isa = PBXBuildFile; fileRef = 4287DABD215C1865009697FC /* Assets.xcassets */; };
		4287DAC1215C1865009697FC /* LaunchScreen.storyboard in Resources */ = {isa = PBXBuildFile; fileRef = 4287DABF215C1865009697FC /* LaunchScreen.storyboard */; };
		4287DAC9215C1CB5009697FC /* InputViewController.swift in Sources */ = {isa = PBXBuildFile; fileRef = 4287DAC8215C1CB5009697FC /* InputViewController.swift */; };
		4287DACD215C1F27009697FC /* ActionViewController.swift in Sources */ = {isa = PBXBuildFile; fileRef = 4287DACC215C1F27009697FC /* ActionViewController.swift */; };
		4287DACF215C215C009697FC /* ExitViewController.swift in Sources */ = {isa = PBXBuildFile; fileRef = 4287DACE215C215C009697FC /* ExitViewController.swift */; };
		4287DAD121656ECF009697FC /* ScratchView.swift in Sources */ = {isa = PBXBuildFile; fileRef = 4287DAD021656ECF009697FC /* ScratchView.swift */; };
		4287DAD32165770E009697FC /* ScratchViewController.swift in Sources */ = {isa = PBXBuildFile; fileRef = 4287DAD22165770E009697FC /* ScratchViewController.swift */; };
/* End PBXBuildFile section */

/* Begin PBXFileReference section */
		425490BB2166C17B0061C322 /* InteractionPanToClose.swift */ = {isa = PBXFileReference; lastKnownFileType = sourcecode.swift; path = InteractionPanToClose.swift; sourceTree = "<group>"; };
		4287DAB3215C1862009697FC /* Release.app */ = {isa = PBXFileReference; explicitFileType = wrapper.application; includeInIndex = 0; path = Release.app; sourceTree = BUILT_PRODUCTS_DIR; };
		4287DAB6215C1862009697FC /* AppDelegate.swift */ = {isa = PBXFileReference; lastKnownFileType = sourcecode.swift; path = AppDelegate.swift; sourceTree = "<group>"; };
		4287DABB215C1862009697FC /* Base */ = {isa = PBXFileReference; lastKnownFileType = file.storyboard; name = Base; path = Base.lproj/Main.storyboard; sourceTree = "<group>"; };
		4287DABD215C1865009697FC /* Assets.xcassets */ = {isa = PBXFileReference; lastKnownFileType = folder.assetcatalog; path = Assets.xcassets; sourceTree = "<group>"; };
		4287DAC0215C1865009697FC /* Base */ = {isa = PBXFileReference; lastKnownFileType = file.storyboard; name = Base; path = Base.lproj/LaunchScreen.storyboard; sourceTree = "<group>"; };
		4287DAC2215C1865009697FC /* Info.plist */ = {isa = PBXFileReference; lastKnownFileType = text.plist.xml; path = Info.plist; sourceTree = "<group>"; };
		4287DAC8215C1CB5009697FC /* InputViewController.swift */ = {isa = PBXFileReference; lastKnownFileType = sourcecode.swift; path = InputViewController.swift; sourceTree = "<group>"; };
		4287DACC215C1F27009697FC /* ActionViewController.swift */ = {isa = PBXFileReference; lastKnownFileType = sourcecode.swift; path = ActionViewController.swift; sourceTree = "<group>"; };
		4287DACE215C215C009697FC /* ExitViewController.swift */ = {isa = PBXFileReference; lastKnownFileType = sourcecode.swift; path = ExitViewController.swift; sourceTree = "<group>"; };
		4287DAD021656ECF009697FC /* ScratchView.swift */ = {isa = PBXFileReference; lastKnownFileType = sourcecode.swift; path = ScratchView.swift; sourceTree = "<group>"; };
		4287DAD22165770E009697FC /* ScratchViewController.swift */ = {isa = PBXFileReference; lastKnownFileType = sourcecode.swift; path = ScratchViewController.swift; sourceTree = "<group>"; };
/* End PBXFileReference section */

/* Begin PBXFrameworksBuildPhase section */
		4287DAB0215C1862009697FC /* Frameworks */ = {
			isa = PBXFrameworksBuildPhase;
			buildActionMask = 2147483647;
			files = (
			);
			runOnlyForDeploymentPostprocessing = 0;
		};
/* End PBXFrameworksBuildPhase section */

/* Begin PBXGroup section */
		4287DAAA215C1862009697FC = {
			isa = PBXGroup;
			children = (
				4287DAB5215C1862009697FC /* Release */,
				4287DAB4215C1862009697FC /* Products */,
			);
			sourceTree = "<group>";
		};
		4287DAB4215C1862009697FC /* Products */ = {
			isa = PBXGroup;
			children = (
				4287DAB3215C1862009697FC /* Release.app */,
			);
			name = Products;
			sourceTree = "<group>";
		};
		4287DAB5215C1862009697FC /* Release */ = {
			isa = PBXGroup;
			children = (
				4287DAB6215C1862009697FC /* AppDelegate.swift */,
				4287DAC8215C1CB5009697FC /* InputViewController.swift */,
				4287DACC215C1F27009697FC /* ActionViewController.swift */,
				4287DAD22165770E009697FC /* ScratchViewController.swift */,
				4287DAD021656ECF009697FC /* ScratchView.swift */,
				4287DACE215C215C009697FC /* ExitViewController.swift */,
				425490BB2166C17B0061C322 /* InteractionPanToClose.swift */,
				4287DABA215C1862009697FC /* Main.storyboard */,
				4287DABD215C1865009697FC /* Assets.xcassets */,
				4287DABF215C1865009697FC /* LaunchScreen.storyboard */,
				4287DAC2215C1865009697FC /* Info.plist */,
			);
			path = Release;
			sourceTree = "<group>";
		};
/* End PBXGroup section */

/* Begin PBXNativeTarget section */
		4287DAB2215C1862009697FC /* Release */ = {
			isa = PBXNativeTarget;
			buildConfigurationList = 4287DAC5215C1865009697FC /* Build configuration list for PBXNativeTarget "Release" */;
			buildPhases = (
				4287DAAF215C1862009697FC /* Sources */,
				4287DAB0215C1862009697FC /* Frameworks */,
				4287DAB1215C1862009697FC /* Resources */,
			);
			buildRules = (
			);
			dependencies = (
			);
			name = Release;
			productName = Release;
			productReference = 4287DAB3215C1862009697FC /* Release.app */;
			productType = "com.apple.product-type.application";
		};
/* End PBXNativeTarget section */

/* Begin PBXProject section */
		4287DAAB215C1862009697FC /* Project object */ = {
			isa = PBXProject;
			attributes = {
				LastSwiftUpdateCheck = 0930;
				LastUpgradeCheck = 0930;
				ORGANIZATIONNAME = "Lisa Steele";
				TargetAttributes = {
					4287DAB2215C1862009697FC = {
						CreatedOnToolsVersion = 9.3.1;
					};
				};
			};
			buildConfigurationList = 4287DAAE215C1862009697FC /* Build configuration list for PBXProject "Release" */;
			compatibilityVersion = "Xcode 9.3";
			developmentRegion = en;
			hasScannedForEncodings = 0;
			knownRegions = (
				en,
				Base,
			);
			mainGroup = 4287DAAA215C1862009697FC;
			productRefGroup = 4287DAB4215C1862009697FC /* Products */;
			projectDirPath = "";
			projectRoot = "";
			targets = (
				4287DAB2215C1862009697FC /* Release */,
			);
		};
/* End PBXProject section */

/* Begin PBXResourcesBuildPhase section */
		4287DAB1215C1862009697FC /* Resources */ = {
			isa = PBXResourcesBuildPhase;
			buildActionMask = 2147483647;
			files = (
				4287DAC1215C1865009697FC /* LaunchScreen.storyboard in Resources */,
				4287DABE215C1865009697FC /* Assets.xcassets in Resources */,
				4287DABC215C1862009697FC /* Main.storyboard in Resources */,
			);
			runOnlyForDeploymentPostprocessing = 0;
		};
/* End PBXResourcesBuildPhase section */

/* Begin PBXSourcesBuildPhase section */
		4287DAAF215C1862009697FC /* Sources */ = {
			isa = PBXSourcesBuildPhase;
			buildActionMask = 2147483647;
			files = (
				4287DACF215C215C009697FC /* ExitViewController.swift in Sources */,
				4287DAD121656ECF009697FC /* ScratchView.swift in Sources */,
				4287DAB7215C1862009697FC /* AppDelegate.swift in Sources */,
				4287DAD32165770E009697FC /* ScratchViewController.swift in Sources */,
				425490BC2166C17B0061C322 /* InteractionPanToClose.swift in Sources */,
				4287DAC9215C1CB5009697FC /* InputViewController.swift in Sources */,
				4287DACD215C1F27009697FC /* ActionViewController.swift in Sources */,
			);
			runOnlyForDeploymentPostprocessing = 0;
		};
/* End PBXSourcesBuildPhase section */

/* Begin PBXVariantGroup section */
		4287DABA215C1862009697FC /* Main.storyboard */ = {
			isa = PBXVariantGroup;
			children = (
				4287DABB215C1862009697FC /* Base */,
			);
			name = Main.storyboard;
			sourceTree = "<group>";
		};
		4287DABF215C1865009697FC /* LaunchScreen.storyboard */ = {
			isa = PBXVariantGroup;
			children = (
				4287DAC0215C1865009697FC /* Base */,
			);
			name = LaunchScreen.storyboard;
			sourceTree = "<group>";
		};
/* End PBXVariantGroup section */

/* Begin XCBuildConfiguration section */
		4287DAC3215C1865009697FC /* Debug */ = {
			isa = XCBuildConfiguration;
			buildSettings = {
				ALWAYS_SEARCH_USER_PATHS = NO;
				CLANG_ANALYZER_NONNULL = YES;
				CLANG_ANALYZER_NUMBER_OBJECT_CONVERSION = YES_AGGRESSIVE;
				CLANG_CXX_LANGUAGE_STANDARD = "gnu++14";
				CLANG_CXX_LIBRARY = "libc++";
				CLANG_ENABLE_MODULES = YES;
				CLANG_ENABLE_OBJC_ARC = YES;
				CLANG_ENABLE_OBJC_WEAK = YES;
				CLANG_WARN_BLOCK_CAPTURE_AUTORELEASING = YES;
				CLANG_WARN_BOOL_CONVERSION = YES;
				CLANG_WARN_COMMA = YES;
				CLANG_WARN_CONSTANT_CONVERSION = YES;
				CLANG_WARN_DEPRECATED_OBJC_IMPLEMENTATIONS = YES;
				CLANG_WARN_DIRECT_OBJC_ISA_USAGE = YES_ERROR;
				CLANG_WARN_DOCUMENTATION_COMMENTS = YES;
				CLANG_WARN_EMPTY_BODY = YES;
				CLANG_WARN_ENUM_CONVERSION = YES;
				CLANG_WARN_INFINITE_RECURSION = YES;
				CLANG_WARN_INT_CONVERSION = YES;
				CLANG_WARN_NON_LITERAL_NULL_CONVERSION = YES;
				CLANG_WARN_OBJC_IMPLICIT_RETAIN_SELF = YES;
				CLANG_WARN_OBJC_LITERAL_CONVERSION = YES;
				CLANG_WARN_OBJC_ROOT_CLASS = YES_ERROR;
				CLANG_WARN_RANGE_LOOP_ANALYSIS = YES;
				CLANG_WARN_STRICT_PROTOTYPES = YES;
				CLANG_WARN_SUSPICIOUS_MOVE = YES;
				CLANG_WARN_UNGUARDED_AVAILABILITY = YES_AGGRESSIVE;
				CLANG_WARN_UNREACHABLE_CODE = YES;
				CLANG_WARN__DUPLICATE_METHOD_MATCH = YES;
				CODE_SIGN_IDENTITY = "iPhone Developer";
				COPY_PHASE_STRIP = NO;
				DEBUG_INFORMATION_FORMAT = dwarf;
				ENABLE_STRICT_OBJC_MSGSEND = YES;
				ENABLE_TESTABILITY = YES;
				GCC_C_LANGUAGE_STANDARD = gnu11;
				GCC_DYNAMIC_NO_PIC = NO;
				GCC_NO_COMMON_BLOCKS = YES;
				GCC_OPTIMIZATION_LEVEL = 0;
				GCC_PREPROCESSOR_DEFINITIONS = (
					"DEBUG=1",
					"$(inherited)",
				);
				GCC_WARN_64_TO_32_BIT_CONVERSION = YES;
				GCC_WARN_ABOUT_RETURN_TYPE = YES_ERROR;
				GCC_WARN_UNDECLARED_SELECTOR = YES;
				GCC_WARN_UNINITIALIZED_AUTOS = YES_AGGRESSIVE;
				GCC_WARN_UNUSED_FUNCTION = YES;
				GCC_WARN_UNUSED_VARIABLE = YES;
				IPHONEOS_DEPLOYMENT_TARGET = 11.3;
				MTL_ENABLE_DEBUG_INFO = YES;
				ONLY_ACTIVE_ARCH = YES;
				SDKROOT = iphoneos;
				SWIFT_ACTIVE_COMPILATION_CONDITIONS = DEBUG;
				SWIFT_OPTIMIZATION_LEVEL = "-Onone";
			};
			name = Debug;
		};
		4287DAC4215C1865009697FC /* Release */ = {
			isa = XCBuildConfiguration;
			buildSettings = {
				ALWAYS_SEARCH_USER_PATHS = NO;
				CLANG_ANALYZER_NONNULL = YES;
				CLANG_ANALYZER_NUMBER_OBJECT_CONVERSION = YES_AGGRESSIVE;
				CLANG_CXX_LANGUAGE_STANDARD = "gnu++14";
				CLANG_CXX_LIBRARY = "libc++";
				CLANG_ENABLE_MODULES = YES;
				CLANG_ENABLE_OBJC_ARC = YES;
				CLANG_ENABLE_OBJC_WEAK = YES;
				CLANG_WARN_BLOCK_CAPTURE_AUTORELEASING = YES;
				CLANG_WARN_BOOL_CONVERSION = YES;
				CLANG_WARN_COMMA = YES;
				CLANG_WARN_CONSTANT_CONVERSION = YES;
				CLANG_WARN_DEPRECATED_OBJC_IMPLEMENTATIONS = YES;
				CLANG_WARN_DIRECT_OBJC_ISA_USAGE = YES_ERROR;
				CLANG_WARN_DOCUMENTATION_COMMENTS = YES;
				CLANG_WARN_EMPTY_BODY = YES;
				CLANG_WARN_ENUM_CONVERSION = YES;
				CLANG_WARN_INFINITE_RECURSION = YES;
				CLANG_WARN_INT_CONVERSION = YES;
				CLANG_WARN_NON_LITERAL_NULL_CONVERSION = YES;
				CLANG_WARN_OBJC_IMPLICIT_RETAIN_SELF = YES;
				CLANG_WARN_OBJC_LITERAL_CONVERSION = YES;
				CLANG_WARN_OBJC_ROOT_CLASS = YES_ERROR;
				CLANG_WARN_RANGE_LOOP_ANALYSIS = YES;
				CLANG_WARN_STRICT_PROTOTYPES = YES;
				CLANG_WARN_SUSPICIOUS_MOVE = YES;
				CLANG_WARN_UNGUARDED_AVAILABILITY = YES_AGGRESSIVE;
				CLANG_WARN_UNREACHABLE_CODE = YES;
				CLANG_WARN__DUPLICATE_METHOD_MATCH = YES;
				CODE_SIGN_IDENTITY = "iPhone Developer";
				COPY_PHASE_STRIP = NO;
				DEBUG_INFORMATION_FORMAT = "dwarf-with-dsym";
				ENABLE_NS_ASSERTIONS = NO;
				ENABLE_STRICT_OBJC_MSGSEND = YES;
				GCC_C_LANGUAGE_STANDARD = gnu11;
				GCC_NO_COMMON_BLOCKS = YES;
				GCC_WARN_64_TO_32_BIT_CONVERSION = YES;
				GCC_WARN_ABOUT_RETURN_TYPE = YES_ERROR;
				GCC_WARN_UNDECLARED_SELECTOR = YES;
				GCC_WARN_UNINITIALIZED_AUTOS = YES_AGGRESSIVE;
				GCC_WARN_UNUSED_FUNCTION = YES;
				GCC_WARN_UNUSED_VARIABLE = YES;
				IPHONEOS_DEPLOYMENT_TARGET = 11.3;
				MTL_ENABLE_DEBUG_INFO = NO;
				SDKROOT = iphoneos;
				SWIFT_COMPILATION_MODE = wholemodule;
				SWIFT_OPTIMIZATION_LEVEL = "-O";
				VALIDATE_PRODUCT = YES;
			};
			name = Release;
		};
		4287DAC6215C1865009697FC /* Debug */ = {
			isa = XCBuildConfiguration;
			buildSettings = {
				ASSETCATALOG_COMPILER_APPICON_NAME = AppIcon;
				CODE_SIGN_STYLE = Automatic;
				DEVELOPMENT_TEAM = 77F66T2364;
				INFOPLIST_FILE = Release/Info.plist;
				LD_RUNPATH_SEARCH_PATHS = (
					"$(inherited)",
					"@executable_path/Frameworks",
				);
				PRODUCT_BUNDLE_IDENTIFIER = com.lisahsteele.Release;
				PRODUCT_NAME = "$(TARGET_NAME)";
				SWIFT_VERSION = 4.0;
				TARGETED_DEVICE_FAMILY = "1,2";
			};
			name = Debug;
		};
		4287DAC7215C1865009697FC /* Release */ = {
			isa = XCBuildConfiguration;
			buildSettings = {
				ASSETCATALOG_COMPILER_APPICON_NAME = AppIcon;
				CODE_SIGN_STYLE = Automatic;
				DEVELOPMENT_TEAM = 77F66T2364;
				INFOPLIST_FILE = Release/Info.plist;
				LD_RUNPATH_SEARCH_PATHS = (
					"$(inherited)",
					"@executable_path/Frameworks",
				);
				PRODUCT_BUNDLE_IDENTIFIER = com.lisahsteele.Release;
				PRODUCT_NAME = "$(TARGET_NAME)";
				SWIFT_VERSION = 4.0;
				TARGETED_DEVICE_FAMILY = "1,2";
			};
			name = Release;
		};
/* End XCBuildConfiguration section */

/* Begin XCConfigurationList section */
		4287DAAE215C1862009697FC /* Build configuration list for PBXProject "Release" */ = {
			isa = XCConfigurationList;
			buildConfigurations = (
				4287DAC3215C1865009697FC /* Debug */,
				4287DAC4215C1865009697FC /* Release */,
			);
			defaultConfigurationIsVisible = 0;
			defaultConfigurationName = Release;
		};
		4287DAC5215C1865009697FC /* Build configuration list for PBXNativeTarget "Release" */ = {
			isa = XCConfigurationList;
			buildConfigurations = (
				4287DAC6215C1865009697FC /* Debug */,
				4287DAC7215C1865009697FC /* Release */,
			);
			defaultConfigurationIsVisible = 0;
			defaultConfigurationName = Release;
		};
/* End XCConfigurationList section */
	};
	rootObject = 4287DAAB215C1862009697FC /* Project object */;
}
